
Microsoft Visual Studio Solution File, Format Version 12.00
# Visual Studio 15
Project("{FAE04EC0-301F-11D3-BF4B-00C04F79EFBC}") = "AnimatedImage.Android", "AnimatedImage.Android\AnimatedImage.Android.csproj", "{FC678EEE-61AF-47D5-9840-FDE9C15F92C2}"
EndProject
Project("{FAE04EC0-301F-11D3-BF4B-00C04F79EFBC}") = "AnimatedImage.iOS", "AnimatedImage.iOS\AnimatedImage.iOS.csproj", "{1771AEDA-7B02-4988-BE80-616063BE3383}"
EndProject
Project("{FAE04EC0-301F-11D3-BF4B-00C04F79EFBC}") = "AnimatedImage", "AnimatedImage\AnimatedImage.csproj", "{39BACC2F-8DB8-4EB1-BB81-8CEBC4E26A1E}"
EndProject
Global
	GlobalSection(SolutionConfigurationPlatforms) = preSolution
		Debug|Any CPU = Debug|Any CPU
		Release|Any CPU = Release|Any CPU
		Debug|iPhoneSimulator = Debug|iPhoneSimulator
		Release|iPhoneSimulator = Release|iPhoneSimulator
		Debug|iPhone = Debug|iPhone
		Release|iPhone = Release|iPhone
	EndGlobalSection
	GlobalSection(ProjectConfigurationPlatforms) = postSolution
		{FC678EEE-61AF-47D5-9840-FDE9C15F92C2}.Debug|Any CPU.ActiveCfg = Debug|Any CPU
		{FC678EEE-61AF-47D5-9840-FDE9C15F92C2}.Debug|Any CPU.Build.0 = Debug|Any CPU
		{FC678EEE-61AF-47D5-9840-FDE9C15F92C2}.Release|Any CPU.ActiveCfg = Release|Any CPU
		{FC678EEE-61AF-47D5-9840-FDE9C15F92C2}.Release|Any CPU.Build.0 = Release|Any CPU
		{FC678EEE-61AF-47D5-9840-FDE9C15F92C2}.Debug|iPhoneSimulator.ActiveCfg = Debug|Any CPU
		{FC678EEE-61AF-47D5-9840-FDE9C15F92C2}.Debug|iPhoneSimulator.Build.0 = Debug|Any CPU
		{FC678EEE-61AF-47D5-9840-FDE9C15F92C2}.Release|iPhoneSimulator.ActiveCfg = Release|Any CPU
		{FC678EEE-61AF-47D5-9840-FDE9C15F92C2}.Release|iPhoneSimulator.Build.0 = Release|Any CPU
		{FC678EEE-61AF-47D5-9840-FDE9C15F92C2}.Debug|iPhone.ActiveCfg = Debug|Any CPU
		{FC678EEE-61AF-47D5-9840-FDE9C15F92C2}.Debug|iPhone.Build.0 = Debug|Any CPU
		{FC678EEE-61AF-47D5-9840-FDE9C15F92C2}.Release|iPhone.ActiveCfg = Release|Any CPU
		{FC678EEE-61AF-47D5-9840-FDE9C15F92C2}.Release|iPhone.Build.0 = Release|Any CPU
		{1771AEDA-7B02-4988-BE80-616063BE3383}.Debug|Any CPU.ActiveCfg = Debug|iPhoneSimulator
		{1771AEDA-7B02-4988-BE80-616063BE3383}.Debug|Any CPU.Build.0 = Debug|iPhoneSimulator
		{1771AEDA-7B02-4988-BE80-616063BE3383}.Release|Any CPU.ActiveCfg = Release|iPhoneSimulator
		{1771AEDA-7B02-4988-BE80-616063BE3383}.Release|Any CPU.Build.0 = Release|iPhoneSimulator
		{1771AEDA-7B02-4988-BE80-616063BE3383}.Debug|iPhoneSimulator.ActiveCfg = Debug|iPhoneSimulator
		{1771AEDA-7B02-4988-BE80-616063BE3383}.Debug|iPhoneSimulator.Build.0 = Debug|iPhoneSimulator
		{1771AEDA-7B02-4988-BE80-616063BE3383}.Release|iPhoneSimulator.ActiveCfg = Release|iPhoneSimulator
		{1771AEDA-7B02-4988-BE80-616063BE3383}.Release|iPhoneSimulator.Build.0 = Release|iPhoneSimulator
		{1771AEDA-7B02-4988-BE80-616063BE3383}.Debug|iPhone.ActiveCfg = Debug|iPhone
		{1771AEDA-7B02-4988-BE80-616063BE3383}.Debug|iPhone.Build.0 = Debug|iPhone
		{1771AEDA-7B02-4988-BE80-616063BE3383}.Release|iPhone.ActiveCfg = Release|iPhone
		{1771AEDA-7B02-4988-BE80-616063BE3383}.Release|iPhone.Build.0 = Release|iPhone
		{39BACC2F-8DB8-4EB1-BB81-8CEBC4E26A1E}.Debug|Any CPU.ActiveCfg = Debug|Any CPU
		{39BACC2F-8DB8-4EB1-BB81-8CEBC4E26A1E}.Debug|Any CPU.Build.0 = Debug|Any CPU
		{39BACC2F-8DB8-4EB1-BB81-8CEBC4E26A1E}.Release|Any CPU.ActiveCfg = Release|Any CPU
		{39BACC2F-8DB8-4EB1-BB81-8CEBC4E26A1E}.Release|Any CPU.Build.0 = Release|Any CPU
		{39BACC2F-8DB8-4EB1-BB81-8CEBC4E26A1E}.Debug|iPhoneSimulator.ActiveCfg = Debug|Any CPU
		{39BACC2F-8DB8-4EB1-BB81-8CEBC4E26A1E}.Debug|iPhoneSimulator.Build.0 = Debug|Any CPU
		{39BACC2F-8DB8-4EB1-BB81-8CEBC4E26A1E}.Release|iPhoneSimulator.ActiveCfg = Release|Any CPU
		{39BACC2F-8DB8-4EB1-BB81-8CEBC4E26A1E}.Release|iPhoneSimulator.Build.0 = Release|Any CPU
		{39BACC2F-8DB8-4EB1-BB81-8CEBC4E26A1E}.Debug|iPhone.ActiveCfg = Debug|Any CPU
		{39BACC2F-8DB8-4EB1-BB81-8CEBC4E26A1E}.Debug|iPhone.Build.0 = Debug|Any CPU
		{39BACC2F-8DB8-4EB1-BB81-8CEBC4E26A1E}.Release|iPhone.ActiveCfg = Release|Any CPU
		{39BACC2F-8DB8-4EB1-BB81-8CEBC4E26A1E}.Release|iPhone.Build.0 = Release|Any CPU
	EndGlobalSection
EndGlobal
